
Microsoft Visual Studio Solution File, Format Version 12.00
# Visual Studio Version 17
VisualStudioVersion = 17.14.36616.10 d17.14
MinimumVisualStudioVersion = 10.0.40219.1
Project("{FAE04EC0-301F-11D3-BF4B-00C04F79EFBC}") = "GroceryMVC", "GroceryMVC\GroceryMVC.csproj", "{EA23A280-93D4-4C50-9C28-524B2A2A5713}"
EndProject
Global
	GlobalSection(SolutionConfigurationPlatforms) = preSolution
		Debug|Any CPU = Debug|Any CPU
		Release|Any CPU = Release|Any CPU
	EndGlobalSection
	GlobalSection(ProjectConfigurationPlatforms) = postSolution
		{EA23A280-93D4-4C50-9C28-524B2A2A5713}.Debug|Any CPU.ActiveCfg = Debug|Any CPU
		{EA23A280-93D4-4C50-9C28-524B2A2A5713}.Debug|Any CPU.Build.0 = Debug|Any CPU
		{EA23A280-93D4-4C50-9C28-524B2A2A5713}.Release|Any CPU.ActiveCfg = Release|Any CPU
		{EA23A280-93D4-4C50-9C28-524B2A2A5713}.Release|Any CPU.Build.0 = Release|Any CPU
	EndGlobalSection
	GlobalSection(SolutionProperties) = preSolution
		HideSolutionNode = FALSE
	EndGlobalSection
	GlobalSection(ExtensibilityGlobals) = postSolution
		SolutionGuid = {0E3D717E-28C0-46EA-A452-4B4AEE0BF80C}
	EndGlobalSection
EndGlobal
